// !$*UTF8*$!
{
	archiveVersion = 1;
	classes = {
	};
	objectVersion = 48;
	objects = {

/* Begin PBXBuildFile section */
		4703F5DA9255C57D2C462AF1 /* libPods-testWaterFall.a in Frameworks */ = {isa = PBXBuildFile; fileRef = 87209800F4C1D83E476708DE /* libPods-testWaterFall.a */; };
		6E46F909215FDA1900C4A3AF /* ZXWaterFallLayout.m in Sources */ = {isa = PBXBuildFile; fileRef = 6E46F907215FDA1900C4A3AF /* ZXWaterFallLayout.m */; };
		6EF2AC2221216824008D9D89 /* AppDelegate.m in Sources */ = {isa = PBXBuildFile; fileRef = 6EF2AC2121216824008D9D89 /* AppDelegate.m */; };
		6EF2AC2521216824008D9D89 /* ViewController.m in Sources */ = {isa = PBXBuildFile; fileRef = 6EF2AC2421216824008D9D89 /* ViewController.m */; };
		6EF2AC2821216824008D9D89 /* Main.storyboard in Resources */ = {isa = PBXBuildFile; fileRef = 6EF2AC2621216824008D9D89 /* Main.storyboard */; };
		6EF2AC2A21216824008D9D89 /* Assets.xcassets in Resources */ = {isa = PBXBuildFile; fileRef = 6EF2AC2921216824008D9D89 /* Assets.xcassets */; };
		6EF2AC2D21216824008D9D89 /* LaunchScreen.storyboard in Resources */ = {isa = PBXBuildFile; fileRef = 6EF2AC2B21216824008D9D89 /* LaunchScreen.storyboard */; };
		6EF2AC3021216824008D9D89 /* main.m in Sources */ = {isa = PBXBuildFile; fileRef = 6EF2AC2F21216824008D9D89 /* main.m */; };
		6EF2AC3A21216824008D9D89 /* testWaterFallTests.m in Sources */ = {isa = PBXBuildFile; fileRef = 6EF2AC3921216824008D9D89 /* testWaterFallTests.m */; };
		6EF2AC4521216824008D9D89 /* testWaterFallUITests.m in Sources */ = {isa = PBXBuildFile; fileRef = 6EF2AC4421216824008D9D89 /* testWaterFallUITests.m */; };
		6EF2AC532121687D008D9D89 /* data.plist in Resources */ = {isa = PBXBuildFile; fileRef = 6EF2AC522121687D008D9D89 /* data.plist */; };
		6EF2AC5C21216C97008D9D89 /* ZXWaterFallController.m in Sources */ = {isa = PBXBuildFile; fileRef = 6EF2AC5B21216C97008D9D89 /* ZXWaterFallController.m */; };
		6EF2AD5E21217671008D9D89 /* ZXWaterFallCell.m in Sources */ = {isa = PBXBuildFile; fileRef = 6EF2AD5D21217671008D9D89 /* ZXWaterFallCell.m */; };
/* End PBXBuildFile section */

/* Begin PBXContainerItemProxy section */
		6EF2AC3621216824008D9D89 /* PBXContainerItemProxy */ = {
			isa = PBXContainerItemProxy;
			containerPortal = 6EF2AC1521216824008D9D89 /* Project object */;
			proxyType = 1;
			remoteGlobalIDString = 6EF2AC1C21216824008D9D89;
			remoteInfo = testWaterFall;
		};
		6EF2AC4121216824008D9D89 /* PBXContainerItemProxy */ = {
			isa = PBXContainerItemProxy;
			containerPortal = 6EF2AC1521216824008D9D89 /* Project object */;
			proxyType = 1;
			remoteGlobalIDString = 6EF2AC1C21216824008D9D89;
			remoteInfo = testWaterFall;
		};
/* End PBXContainerItemProxy section */

/* Begin PBXFileReference section */
		6860EF4A7ED9B97237817735 /* Pods-testWaterFall.release.xcconfig */ = {isa = PBXFileReference; includeInIndex = 1; lastKnownFileType = text.xcconfig; name = "Pods-testWaterFall.release.xcconfig"; path = "Pods/Target Support Files/Pods-testWaterFall/Pods-testWaterFall.release.xcconfig"; sourceTree = "<group>"; };
		6E46F907215FDA1900C4A3AF /* ZXWaterFallLayout.m */ = {isa = PBXFileReference; fileEncoding = 4; lastKnownFileType = sourcecode.c.objc; path = ZXWaterFallLayout.m; sourceTree = "<group>"; };
		6E46F908215FDA1900C4A3AF /* ZXWaterFallLayout.h */ = {isa = PBXFileReference; fileEncoding = 4; lastKnownFileType = sourcecode.c.h; path = ZXWaterFallLayout.h; sourceTree = "<group>"; };
		6EF2AC1D21216824008D9D89 /* testWaterFall.app */ = {isa = PBXFileReference; explicitFileType = wrapper.application; includeInIndex = 0; path = testWaterFall.app; sourceTree = BUILT_PRODUCTS_DIR; };
		6EF2AC2021216824008D9D89 /* AppDelegate.h */ = {isa = PBXFileReference; lastKnownFileType = sourcecode.c.h; path = AppDelegate.h; sourceTree = "<group>"; };
		6EF2AC2121216824008D9D89 /* AppDelegate.m */ = {isa = PBXFileReference; lastKnownFileType = sourcecode.c.objc; path = AppDelegate.m; sourceTree = "<group>"; };
		6EF2AC2321216824008D9D89 /* ViewController.h */ = {isa = PBXFileReference; lastKnownFileType = sourcecode.c.h; path = ViewController.h; sourceTree = "<group>"; };
		6EF2AC2421216824008D9D89 /* ViewController.m */ = {isa = PBXFileReference; lastKnownFileType = sourcecode.c.objc; path = ViewController.m; sourceTree = "<group>"; };
		6EF2AC2721216824008D9D89 /* Base */ = {isa = PBXFileReference; lastKnownFileType = file.storyboard; name = Base; path = Base.lproj/Main.storyboard; sourceTree = "<group>"; };
		6EF2AC2921216824008D9D89 /* Assets.xcassets */ = {isa = PBXFileReference; lastKnownFileType = folder.assetcatalog; path = Assets.xcassets; sourceTree = "<group>"; };
		6EF2AC2C21216824008D9D89 /* Base */ = {isa = PBXFileReference; lastKnownFileType = file.storyboard; name = Base; path = Base.lproj/LaunchScreen.storyboard; sourceTree = "<group>"; };
		6EF2AC2E21216824008D9D89 /* Info.plist */ = {isa = PBXFileReference; lastKnownFileType = text.plist.xml; path = Info.plist; sourceTree = "<group>"; };
		6EF2AC2F21216824008D9D89 /* main.m */ = {isa = PBXFileReference; lastKnownFileType = sourcecode.c.objc; path = main.m; sourceTree = "<group>"; };
		6EF2AC3521216824008D9D89 /* testWaterFallTests.xctest */ = {isa = PBXFileReference; explicitFileType = wrapper.cfbundle; includeInIndex = 0; path = testWaterFallTests.xctest; sourceTree = BUILT_PRODUCTS_DIR; };
		6EF2AC3921216824008D9D89 /* testWaterFallTests.m */ = {isa = PBXFileReference; lastKnownFileType = sourcecode.c.objc; path = testWaterFallTests.m; sourceTree = "<group>"; };
		6EF2AC3B21216824008D9D89 /* Info.plist */ = {isa = PBXFileReference; lastKnownFileType = text.plist.xml; path = Info.plist; sourceTree = "<group>"; };
		6EF2AC4021216824008D9D89 /* testWaterFallUITests.xctest */ = {isa = PBXFileReference; explicitFileType = wrapper.cfbundle; includeInIndex = 0; path = testWaterFallUITests.xctest; sourceTree = BUILT_PRODUCTS_DIR; };
		6EF2AC4421216824008D9D89 /* testWaterFallUITests.m */ = {isa = PBXFileReference; lastKnownFileType = sourcecode.c.objc; path = testWaterFallUITests.m; sourceTree = "<group>"; };
		6EF2AC4621216824008D9D89 /* Info.plist */ = {isa = PBXFileReference; lastKnownFileType = text.plist.xml; path = Info.plist; sourceTree = "<group>"; };
		6EF2AC522121687D008D9D89 /* data.plist */ = {isa = PBXFileReference; lastKnownFileType = text.plist.xml; path = data.plist; sourceTree = "<group>"; };
		6EF2AC5A21216C97008D9D89 /* ZXWaterFallController.h */ = {isa = PBXFileReference; lastKnownFileType = sourcecode.c.h; path = ZXWaterFallController.h; sourceTree = "<group>"; };
		6EF2AC5B21216C97008D9D89 /* ZXWaterFallController.m */ = {isa = PBXFileReference; lastKnownFileType = sourcecode.c.objc; path = ZXWaterFallController.m; sourceTree = "<group>"; };
		6EF2AD5C21217671008D9D89 /* ZXWaterFallCell.h */ = {isa = PBXFileReference; lastKnownFileType = sourcecode.c.h; path = ZXWaterFallCell.h; sourceTree = "<group>"; };
		6EF2AD5D21217671008D9D89 /* ZXWaterFallCell.m */ = {isa = PBXFileReference; lastKnownFileType = sourcecode.c.objc; path = ZXWaterFallCell.m; sourceTree = "<group>"; };
		87209800F4C1D83E476708DE /* libPods-testWaterFall.a */ = {isa = PBXFileReference; explicitFileType = archive.ar; includeInIndex = 0; path = "libPods-testWaterFall.a"; sourceTree = BUILT_PRODUCTS_DIR; };
		9BC2FFF645C9E0CADAA073CC /* Pods-testWaterFall.debug.xcconfig */ = {isa = PBXFileReference; includeInIndex = 1; lastKnownFileType = text.xcconfig; name = "Pods-testWaterFall.debug.xcconfig"; path = "Pods/Target Support Files/Pods-testWaterFall/Pods-testWaterFall.debug.xcconfig"; sourceTree = "<group>"; };
/* End PBXFileReference section */

/* Begin PBXFrameworksBuildPhase section */
		6EF2AC1A21216824008D9D89 /* Frameworks */ = {
			isa = PBXFrameworksBuildPhase;
			buildActionMask = 2147483647;
			files = (
				4703F5DA9255C57D2C462AF1 /* libPods-testWaterFall.a in Frameworks */,
			);
			runOnlyForDeploymentPostprocessing = 0;
		};
		6EF2AC3221216824008D9D89 /* Frameworks */ = {
			isa = PBXFrameworksBuildPhase;
			buildActionMask = 2147483647;
			files = (
			);
			runOnlyForDeploymentPostprocessing = 0;
		};
		6EF2AC3D21216824008D9D89 /* Frameworks */ = {
			isa = PBXFrameworksBuildPhase;
			buildActionMask = 2147483647;
			files = (
			);
			runOnlyForDeploymentPostprocessing = 0;
		};
/* End PBXFrameworksBuildPhase section */

/* Begin PBXGroup section */
		6E46F906215FDA1900C4A3AF /* ZXWaterFallLayout */ = {
			isa = PBXGroup;
			children = (
				6E46F907215FDA1900C4A3AF /* ZXWaterFallLayout.m */,
				6E46F908215FDA1900C4A3AF /* ZXWaterFallLayout.h */,
			);
			name = ZXWaterFallLayout;
			path = ../../ZXWaterFallLayout;
			sourceTree = "<group>";
		};
		6EF2AC1421216824008D9D89 = {
			isa = PBXGroup;
			children = (
				6EF2AC1F21216824008D9D89 /* testWaterFall */,
				6EF2AC3821216824008D9D89 /* testWaterFallTests */,
				6EF2AC4321216824008D9D89 /* testWaterFallUITests */,
				6EF2AC1E21216824008D9D89 /* Products */,
				C435B2472FA55DC236F7FC6D /* Pods */,
				796DCE531A51A7487CB6BF84 /* Frameworks */,
			);
			sourceTree = "<group>";
		};
		6EF2AC1E21216824008D9D89 /* Products */ = {
			isa = PBXGroup;
			children = (
				6EF2AC1D21216824008D9D89 /* testWaterFall.app */,
				6EF2AC3521216824008D9D89 /* testWaterFallTests.xctest */,
				6EF2AC4021216824008D9D89 /* testWaterFallUITests.xctest */,
			);
			name = Products;
			sourceTree = "<group>";
		};
		6EF2AC1F21216824008D9D89 /* testWaterFall */ = {
			isa = PBXGroup;
			children = (
				6E46F906215FDA1900C4A3AF /* ZXWaterFallLayout */,
				6EF2AC2021216824008D9D89 /* AppDelegate.h */,
				6EF2AC2121216824008D9D89 /* AppDelegate.m */,
				6EF2AC2321216824008D9D89 /* ViewController.h */,
				6EF2AC2421216824008D9D89 /* ViewController.m */,
				6EF2AC5A21216C97008D9D89 /* ZXWaterFallController.h */,
				6EF2AC5B21216C97008D9D89 /* ZXWaterFallController.m */,
				6EF2AD5C21217671008D9D89 /* ZXWaterFallCell.h */,
				6EF2AD5D21217671008D9D89 /* ZXWaterFallCell.m */,
				6EF2AC2621216824008D9D89 /* Main.storyboard */,
				6EF2AC2921216824008D9D89 /* Assets.xcassets */,
				6EF2AC2B21216824008D9D89 /* LaunchScreen.storyboard */,
				6EF2AC2E21216824008D9D89 /* Info.plist */,
				6EF2AC2F21216824008D9D89 /* main.m */,
				6EF2AC522121687D008D9D89 /* data.plist */,
			);
			path = testWaterFall;
			sourceTree = "<group>";
		};
		6EF2AC3821216824008D9D89 /* testWaterFallTests */ = {
			isa = PBXGroup;
			children = (
				6EF2AC3921216824008D9D89 /* testWaterFallTests.m */,
				6EF2AC3B21216824008D9D89 /* Info.plist */,
			);
			path = testWaterFallTests;
			sourceTree = "<group>";
		};
		6EF2AC4321216824008D9D89 /* testWaterFallUITests */ = {
			isa = PBXGroup;
			children = (
				6EF2AC4421216824008D9D89 /* testWaterFallUITests.m */,
				6EF2AC4621216824008D9D89 /* Info.plist */,
			);
			path = testWaterFallUITests;
			sourceTree = "<group>";
		};
		796DCE531A51A7487CB6BF84 /* Frameworks */ = {
			isa = PBXGroup;
			children = (
				87209800F4C1D83E476708DE /* libPods-testWaterFall.a */,
			);
			name = Frameworks;
			sourceTree = "<group>";
		};
		C435B2472FA55DC236F7FC6D /* Pods */ = {
			isa = PBXGroup;
			children = (
				9BC2FFF645C9E0CADAA073CC /* Pods-testWaterFall.debug.xcconfig */,
				6860EF4A7ED9B97237817735 /* Pods-testWaterFall.release.xcconfig */,
			);
			name = Pods;
			sourceTree = "<group>";
		};
/* End PBXGroup section */

/* Begin PBXNativeTarget section */
		6EF2AC1C21216824008D9D89 /* testWaterFall */ = {
			isa = PBXNativeTarget;
			buildConfigurationList = 6EF2AC4921216824008D9D89 /* Build configuration list for PBXNativeTarget "testWaterFall" */;
			buildPhases = (
				11A1666452E6DC1F9B23BAAC /* [CP] Check Pods Manifest.lock */,
				6EF2AC1921216824008D9D89 /* Sources */,
				6EF2AC1A21216824008D9D89 /* Frameworks */,
				6EF2AC1B21216824008D9D89 /* Resources */,
			);
			buildRules = (
			);
			dependencies = (
			);
			name = testWaterFall;
			productName = testWaterFall;
			productReference = 6EF2AC1D21216824008D9D89 /* testWaterFall.app */;
			productType = "com.apple.product-type.application";
		};
		6EF2AC3421216824008D9D89 /* testWaterFallTests */ = {
			isa = PBXNativeTarget;
			buildConfigurationList = 6EF2AC4C21216824008D9D89 /* Build configuration list for PBXNativeTarget "testWaterFallTests" */;
			buildPhases = (
				6EF2AC3121216824008D9D89 /* Sources */,
				6EF2AC3221216824008D9D89 /* Frameworks */,
				6EF2AC3321216824008D9D89 /* Resources */,
			);
			buildRules = (
			);
			dependencies = (
				6EF2AC3721216824008D9D89 /* PBXTargetDependency */,
			);
			name = testWaterFallTests;
			productName = testWaterFallTests;
			productReference = 6EF2AC3521216824008D9D89 /* testWaterFallTests.xctest */;
			productType = "com.apple.product-type.bundle.unit-test";
		};
		6EF2AC3F21216824008D9D89 /* testWaterFallUITests */ = {
			isa = PBXNativeTarget;
			buildConfigurationList = 6EF2AC4F21216824008D9D89 /* Build configuration list for PBXNativeTarget "testWaterFallUITests" */;
			buildPhases = (
				6EF2AC3C21216824008D9D89 /* Sources */,
				6EF2AC3D21216824008D9D89 /* Frameworks */,
				6EF2AC3E21216824008D9D89 /* Resources */,
			);
			buildRules = (
			);
			dependencies = (
				6EF2AC4221216824008D9D89 /* PBXTargetDependency */,
			);
			name = testWaterFallUITests;
			productName = testWaterFallUITests;
			productReference = 6EF2AC4021216824008D9D89 /* testWaterFallUITests.xctest */;
			productType = "com.apple.product-type.bundle.ui-testing";
		};
/* End PBXNativeTarget section */

/* Begin PBXProject section */
		6EF2AC1521216824008D9D89 /* Project object */ = {
			isa = PBXProject;
			attributes = {
				LastUpgradeCheck = 0920;
				ORGANIZATIONNAME = "xu zhao";
				TargetAttributes = {
					6EF2AC1C21216824008D9D89 = {
						CreatedOnToolsVersion = 9.2;
						ProvisioningStyle = Automatic;
					};
					6EF2AC3421216824008D9D89 = {
						CreatedOnToolsVersion = 9.2;
						ProvisioningStyle = Automatic;
						TestTargetID = 6EF2AC1C21216824008D9D89;
					};
					6EF2AC3F21216824008D9D89 = {
						CreatedOnToolsVersion = 9.2;
						ProvisioningStyle = Automatic;
						TestTargetID = 6EF2AC1C21216824008D9D89;
					};
				};
			};
			buildConfigurationList = 6EF2AC1821216824008D9D89 /* Build configuration list for PBXProject "testWaterFall" */;
			compatibilityVersion = "Xcode 8.0";
			developmentRegion = en;
			hasScannedForEncodings = 0;
			knownRegions = (
				en,
				Base,
			);
			mainGroup = 6EF2AC1421216824008D9D89;
			productRefGroup = 6EF2AC1E21216824008D9D89 /* Products */;
			projectDirPath = "";
			projectRoot = "";
			targets = (
				6EF2AC1C21216824008D9D89 /* testWaterFall */,
				6EF2AC3421216824008D9D89 /* testWaterFallTests */,
				6EF2AC3F21216824008D9D89 /* testWaterFallUITests */,
			);
		};
/* End PBXProject section */

/* Begin PBXResourcesBuildPhase section */
		6EF2AC1B21216824008D9D89 /* Resources */ = {
			isa = PBXResourcesBuildPhase;
			buildActionMask = 2147483647;
			files = (
				6EF2AC2D21216824008D9D89 /* LaunchScreen.storyboard in Resources */,
				6EF2AC2A21216824008D9D89 /* Assets.xcassets in Resources */,
				6EF2AC532121687D008D9D89 /* data.plist in Resources */,
				6EF2AC2821216824008D9D89 /* Main.storyboard in Resources */,
			);
			runOnlyForDeploymentPostprocessing = 0;
		};
		6EF2AC3321216824008D9D89 /* Resources */ = {
			isa = PBXResourcesBuildPhase;
			buildActionMask = 2147483647;
			files = (
			);
			runOnlyForDeploymentPostprocessing = 0;
		};
		6EF2AC3E21216824008D9D89 /* Resources */ = {
			isa = PBXResourcesBuildPhase;
			buildActionMask = 2147483647;
			files = (
			);
			runOnlyForDeploymentPostprocessing = 0;
		};
/* End PBXResourcesBuildPhase section */

/* Begin PBXShellScriptBuildPhase section */
		11A1666452E6DC1F9B23BAAC /* [CP] Check Pods Manifest.lock */ = {
			isa = PBXShellScriptBuildPhase;
			buildActionMask = 2147483647;
			files = (
			);
			inputPaths = (
				"${PODS_PODFILE_DIR_PATH}/Podfile.lock",
				"${PODS_ROOT}/Manifest.lock",
			);
			name = "[CP] Check Pods Manifest.lock";
			outputPaths = (
				"$(DERIVED_FILE_DIR)/Pods-testWaterFall-checkManifestLockResult.txt",
			);
			runOnlyForDeploymentPostprocessing = 0;
			shellPath = /bin/sh;
			shellScript = "diff \"${PODS_PODFILE_DIR_PATH}/Podfile.lock\" \"${PODS_ROOT}/Manifest.lock\" > /dev/null\nif [ $? != 0 ] ; then\n    # print error to STDERR\n    echo \"error: The sandbox is not in sync with the Podfile.lock. Run 'pod install' or update your CocoaPods installation.\" >&2\n    exit 1\nfi\n# This output is used by Xcode 'outputs' to avoid re-running this script phase.\necho \"SUCCESS\" > \"${SCRIPT_OUTPUT_FILE_0}\"\n";
			showEnvVarsInLog = 0;
		};
/* End PBXShellScriptBuildPhase section */

/* Begin PBXSourcesBuildPhase section */
		6EF2AC1921216824008D9D89 /* Sources */ = {
			isa = PBXSourcesBuildPhase;
			buildActionMask = 2147483647;
			files = (
				6E46F909215FDA1900C4A3AF /* ZXWaterFallLayout.m in Sources */,
				6EF2AC2521216824008D9D89 /* ViewController.m in Sources */,
				6EF2AC3021216824008D9D89 /* main.m in Sources */,
				6EF2AC5C21216C97008D9D89 /* ZXWaterFallController.m in Sources */,
				6EF2AC2221216824008D9D89 /* AppDelegate.m in Sources */,
				6EF2AD5E21217671008D9D89 /* ZXWaterFallCell.m in Sources */,
			);
			runOnlyForDeploymentPostprocessing = 0;
		};
		6EF2AC3121216824008D9D89 /* Sources */ = {
			isa = PBXSourcesBuildPhase;
			buildActionMask = 2147483647;
			files = (
				6EF2AC3A21216824008D9D89 /* testWaterFallTests.m in Sources */,
			);
			runOnlyForDeploymentPostprocessing = 0;
		};
		6EF2AC3C21216824008D9D89 /* Sources */ = {
			isa = PBXSourcesBuildPhase;
			buildActionMask = 2147483647;
			files = (
				6EF2AC4521216824008D9D89 /* testWaterFallUITests.m in Sources */,
			);
			runOnlyForDeploymentPostprocessing = 0;
		};
/* End PBXSourcesBuildPhase section */

/* Begin PBXTargetDependency section */
		6EF2AC3721216824008D9D89 /* PBXTargetDependency */ = {
			isa = PBXTargetDependency;
			target = 6EF2AC1C21216824008D9D89 /* testWaterFall */;
			targetProxy = 6EF2AC3621216824008D9D89 /* PBXContainerItemProxy */;
		};
		6EF2AC4221216824008D9D89 /* PBXTargetDependency */ = {
			isa = PBXTargetDependency;
			target = 6EF2AC1C21216824008D9D89 /* testWaterFall */;
			targetProxy = 6EF2AC4121216824008D9D89 /* PBXContainerItemProxy */;
		};
/* End PBXTargetDependency section */

/* Begin PBXVariantGroup section */
		6EF2AC2621216824008D9D89 /* Main.storyboard */ = {
			isa = PBXVariantGroup;
			children = (
				6EF2AC2721216824008D9D89 /* Base */,
			);
			name = Main.storyboard;
			sourceTree = "<group>";
		};
		6EF2AC2B21216824008D9D89 /* LaunchScreen.storyboard */ = {
			isa = PBXVariantGroup;
			children = (
				6EF2AC2C21216824008D9D89 /* Base */,
			);
			name = LaunchScreen.storyboard;
			sourceTree = "<group>";
		};
/* End PBXVariantGroup section */

/* Begin XCBuildConfiguration section */
		6EF2AC4721216824008D9D89 /* Debug */ = {
			isa = XCBuildConfiguration;
			buildSettings = {
				ALWAYS_SEARCH_USER_PATHS = NO;
				CLANG_ANALYZER_NONNULL = YES;
				CLANG_ANALYZER_NUMBER_OBJECT_CONVERSION = YES_AGGRESSIVE;
				CLANG_CXX_LANGUAGE_STANDARD = "gnu++14";
				CLANG_CXX_LIBRARY = "libc++";
				CLANG_ENABLE_MODULES = YES;
				CLANG_ENABLE_OBJC_ARC = YES;
				CLANG_WARN_BLOCK_CAPTURE_AUTORELEASING = YES;
				CLANG_WARN_BOOL_CONVERSION = YES;
				CLANG_WARN_COMMA = YES;
				CLANG_WARN_CONSTANT_CONVERSION = YES;
				CLANG_WARN_DIRECT_OBJC_ISA_USAGE = YES_ERROR;
				CLANG_WARN_DOCUMENTATION_COMMENTS = YES;
				CLANG_WARN_EMPTY_BODY = YES;
				CLANG_WARN_ENUM_CONVERSION = YES;
				CLANG_WARN_INFINITE_RECURSION = YES;
				CLANG_WARN_INT_CONVERSION = YES;
				CLANG_WARN_NON_LITERAL_NULL_CONVERSION = YES;
				CLANG_WARN_OBJC_LITERAL_CONVERSION = YES;
				CLANG_WARN_OBJC_ROOT_CLASS = YES_ERROR;
				CLANG_WARN_RANGE_LOOP_ANALYSIS = YES;
				CLANG_WARN_STRICT_PROTOTYPES = YES;
				CLANG_WARN_SUSPICIOUS_MOVE = YES;
				CLANG_WARN_UNGUARDED_AVAILABILITY = YES_AGGRESSIVE;
				CLANG_WARN_UNREACHABLE_CODE = YES;
				CLANG_WARN__DUPLICATE_METHOD_MATCH = YES;
				CODE_SIGN_IDENTITY = "iPhone Developer";
				COPY_PHASE_STRIP = NO;
				DEBUG_INFORMATION_FORMAT = dwarf;
				ENABLE_STRICT_OBJC_MSGSEND = YES;
				ENABLE_TESTABILITY = YES;
				GCC_C_LANGUAGE_STANDARD = gnu11;
				GCC_DYNAMIC_NO_PIC = NO;
				GCC_NO_COMMON_BLOCKS = YES;
				GCC_OPTIMIZATION_LEVEL = 0;
				GCC_PREPROCESSOR_DEFINITIONS = (
					"DEBUG=1",
					"$(inherited)",
				);
				GCC_WARN_64_TO_32_BIT_CONVERSION = YES;
				GCC_WARN_ABOUT_RETURN_TYPE = YES_ERROR;
				GCC_WARN_UNDECLARED_SELECTOR = YES;
				GCC_WARN_UNINITIALIZED_AUTOS = YES_AGGRESSIVE;
				GCC_WARN_UNUSED_FUNCTION = YES;
				GCC_WARN_UNUSED_VARIABLE = YES;
				IPHONEOS_DEPLOYMENT_TARGET = 11.2;
				MTL_ENABLE_DEBUG_INFO = YES;
				ONLY_ACTIVE_ARCH = YES;
				SDKROOT = iphoneos;
			};
			name = Debug;
		};
		6EF2AC4821216824008D9D89 /* Release */ = {
			isa = XCBuildConfiguration;
			buildSettings = {
				ALWAYS_SEARCH_USER_PATHS = NO;
				CLANG_ANALYZER_NONNULL = YES;
				CLANG_ANALYZER_NUMBER_OBJECT_CONVERSION = YES_AGGRESSIVE;
				CLANG_CXX_LANGUAGE_STANDARD = "gnu++14";
				CLANG_CXX_LIBRARY = "libc++";
				CLANG_ENABLE_MODULES = YES;
				CLANG_ENABLE_OBJC_ARC = YES;
				CLANG_WARN_BLOCK_CAPTURE_AUTORELEASING = YES;
				CLANG_WARN_BOOL_CONVERSION = YES;
				CLANG_WARN_COMMA = YES;
				CLANG_WARN_CONSTANT_CONVERSION = YES;
				CLANG_WARN_DIRECT_OBJC_ISA_USAGE = YES_ERROR;
				CLANG_WARN_DOCUMENTATION_COMMENTS = YES;
				CLANG_WARN_EMPTY_BODY = YES;
				CLANG_WARN_ENUM_CONVERSION = YES;
				CLANG_WARN_INFINITE_RECURSION = YES;
				CLANG_WARN_INT_CONVERSION = YES;
				CLANG_WARN_NON_LITERAL_NULL_CONVERSION = YES;
				CLANG_WARN_OBJC_LITERAL_CONVERSION = YES;
				CLANG_WARN_OBJC_ROOT_CLASS = YES_ERROR;
				CLANG_WARN_RANGE_LOOP_ANALYSIS = YES;
				CLANG_WARN_STRICT_PROTOTYPES = YES;
				CLANG_WARN_SUSPICIOUS_MOVE = YES;
				CLANG_WARN_UNGUARDED_AVAILABILITY = YES_AGGRESSIVE;
				CLANG_WARN_UNREACHABLE_CODE = YES;
				CLANG_WARN__DUPLICATE_METHOD_MATCH = YES;
				CODE_SIGN_IDENTITY = "iPhone Developer";
				COPY_PHASE_STRIP = NO;
				DEBUG_INFORMATION_FORMAT = "dwarf-with-dsym";
				ENABLE_NS_ASSERTIONS = NO;
				ENABLE_STRICT_OBJC_MSGSEND = YES;
				GCC_C_LANGUAGE_STANDARD = gnu11;
				GCC_NO_COMMON_BLOCKS = YES;
				GCC_WARN_64_TO_32_BIT_CONVERSION = YES;
				GCC_WARN_ABOUT_RETURN_TYPE = YES_ERROR;
				GCC_WARN_UNDECLARED_SELECTOR = YES;
				GCC_WARN_UNINITIALIZED_AUTOS = YES_AGGRESSIVE;
				GCC_WARN_UNUSED_FUNCTION = YES;
				GCC_WARN_UNUSED_VARIABLE = YES;
				IPHONEOS_DEPLOYMENT_TARGET = 11.2;
				MTL_ENABLE_DEBUG_INFO = NO;
				SDKROOT = iphoneos;
				VALIDATE_PRODUCT = YES;
			};
			name = Release;
		};
		6EF2AC4A21216824008D9D89 /* Debug */ = {
			isa = XCBuildConfiguration;
			baseConfigurationReference = 9BC2FFF645C9E0CADAA073CC /* Pods-testWaterFall.debug.xcconfig */;
			buildSettings = {
				ASSETCATALOG_COMPILER_APPICON_NAME = AppIcon;
				CODE_SIGN_STYLE = Automatic;
				INFOPLIST_FILE = testWaterFall/Info.plist;
				LD_RUNPATH_SEARCH_PATHS = "$(inherited) @executable_path/Frameworks";
				PRODUCT_BUNDLE_IDENTIFIER = "xu-zhao.testWaterFall";
				PRODUCT_NAME = "$(TARGET_NAME)";
				TARGETED_DEVICE_FAMILY = "1,2";
			};
			name = Debug;
		};
		6EF2AC4B21216824008D9D89 /* Release */ = {
			isa = XCBuildConfiguration;
			baseConfigurationReference = 6860EF4A7ED9B97237817735 /* Pods-testWaterFall.release.xcconfig */;
			buildSettings = {
				ASSETCATALOG_COMPILER_APPICON_NAME = AppIcon;
				CODE_SIGN_STYLE = Automatic;
				INFOPLIST_FILE = testWaterFall/Info.plist;
				LD_RUNPATH_SEARCH_PATHS = "$(inherited) @executable_path/Frameworks";
				PRODUCT_BUNDLE_IDENTIFIER = "xu-zhao.testWaterFall";
				PRODUCT_NAME = "$(TARGET_NAME)";
				TARGETED_DEVICE_FAMILY = "1,2";
			};
			name = Release;
		};
		6EF2AC4D21216824008D9D89 /* Debug */ = {
			isa = XCBuildConfiguration;
			buildSettings = {
				BUNDLE_LOADER = "$(TEST_HOST)";
				CODE_SIGN_STYLE = Automatic;
				INFOPLIST_FILE = testWaterFallTests/Info.plist;
				LD_RUNPATH_SEARCH_PATHS = "$(inherited) @executable_path/Frameworks @loader_path/Frameworks";
				PRODUCT_BUNDLE_IDENTIFIER = "xu-zhao.testWaterFallTests";
				PRODUCT_NAME = "$(TARGET_NAME)";
				TARGETED_DEVICE_FAMILY = "1,2";
				TEST_HOST = "$(BUILT_PRODUCTS_DIR)/testWaterFall.app/testWaterFall";
			};
			name = Debug;
		};
		6EF2AC4E21216824008D9D89 /* Release */ = {
			isa = XCBuildConfiguration;
			buildSettings = {
				BUNDLE_LOADER = "$(TEST_HOST)";
				CODE_SIGN_STYLE = Automatic;
				INFOPLIST_FILE = testWaterFallTests/Info.plist;
				LD_RUNPATH_SEARCH_PATHS = "$(inherited) @executable_path/Frameworks @loader_path/Frameworks";
				PRODUCT_BUNDLE_IDENTIFIER = "xu-zhao.testWaterFallTests";
				PRODUCT_NAME = "$(TARGET_NAME)";
				TARGETED_DEVICE_FAMILY = "1,2";
				TEST_HOST = "$(BUILT_PRODUCTS_DIR)/testWaterFall.app/testWaterFall";
			};
			name = Release;
		};
		6EF2AC5021216824008D9D89 /* Debug */ = {
			isa = XCBuildConfiguration;
			buildSettings = {
				CODE_SIGN_STYLE = Automatic;
				INFOPLIST_FILE = testWaterFallUITests/Info.plist;
				LD_RUNPATH_SEARCH_PATHS = "$(inherited) @executable_path/Frameworks @loader_path/Frameworks";
				PRODUCT_BUNDLE_IDENTIFIER = "xu-zhao.testWaterFallUITests";
				PRODUCT_NAME = "$(TARGET_NAME)";
				TARGETED_DEVICE_FAMILY = "1,2";
				TEST_TARGET_NAME = testWaterFall;
			};
			name = Debug;
		};
		6EF2AC5121216824008D9D89 /* Release */ = {
			isa = XCBuildConfiguration;
			buildSettings = {
				CODE_SIGN_STYLE = Automatic;
				INFOPLIST_FILE = testWaterFallUITests/Info.plist;
				LD_RUNPATH_SEARCH_PATHS = "$(inherited) @executable_path/Frameworks @loader_path/Frameworks";
				PRODUCT_BUNDLE_IDENTIFIER = "xu-zhao.testWaterFallUITests";
				PRODUCT_NAME = "$(TARGET_NAME)";
				TARGETED_DEVICE_FAMILY = "1,2";
				TEST_TARGET_NAME = testWaterFall;
			};
			name = Release;
		};
/* End XCBuildConfiguration section */

/* Begin XCConfigurationList section */
		6EF2AC1821216824008D9D89 /* Build configuration list for PBXProject "testWaterFall" */ = {
			isa = XCConfigurationList;
			buildConfigurations = (
				6EF2AC4721216824008D9D89 /* Debug */,
				6EF2AC4821216824008D9D89 /* Release */,
			);
			defaultConfigurationIsVisible = 0;
			defaultConfigurationName = Release;
		};
		6EF2AC4921216824008D9D89 /* Build configuration list for PBXNativeTarget "testWaterFall" */ = {
			isa = XCConfigurationList;
			buildConfigurations = (
				6EF2AC4A21216824008D9D89 /* Debug */,
				6EF2AC4B21216824008D9D89 /* Release */,
			);
			defaultConfigurationIsVisible = 0;
			defaultConfigurationName = Release;
		};
		6EF2AC4C21216824008D9D89 /* Build configuration list for PBXNativeTarget "testWaterFallTests" */ = {
			isa = XCConfigurationList;
			buildConfigurations = (
				6EF2AC4D21216824008D9D89 /* Debug */,
				6EF2AC4E21216824008D9D89 /* Release */,
			);
			defaultConfigurationIsVisible = 0;
			defaultConfigurationName = Release;
		};
		6EF2AC4F21216824008D9D89 /* Build configuration list for PBXNativeTarget "testWaterFallUITests" */ = {
			isa = XCConfigurationList;
			buildConfigurations = (
				6EF2AC5021216824008D9D89 /* Debug */,
				6EF2AC5121216824008D9D89 /* Release */,
			);
			defaultConfigurationIsVisible = 0;
			defaultConfigurationName = Release;
		};
/* End XCConfigurationList section */
	};
	rootObject = 6EF2AC1521216824008D9D89 /* Project object */;
}
